
Microsoft Visual Studio Solution File, Format Version 12.00
# Visual Studio Version 17
VisualStudioVersion = 17.3.32825.248
MinimumVisualStudioVersion = 10.0.40219.1
Project("{FAE04EC0-301F-11D3-BF4B-00C04F79EFBC}") = "Online2.Core", "Online2.Core\Online2.Core.csproj", "{F9AC3218-852C-46AB-928E-480D32D51722}"
EndProject
Project("{FAE04EC0-301F-11D3-BF4B-00C04F79EFBC}") = "Online2.Entity", "Online2.Entity\Online2.Entity.csproj", "{2E504940-4E99-4F26-A96D-3EA7AF58F7AC}"
EndProject
Project("{FAE04EC0-301F-11D3-BF4B-00C04F79EFBC}") = "Online2.DAL", "Online2.DAL\Online2.DAL.csproj", "{F7AFCD4C-AB56-4EBB-973E-78708E944785}"
EndProject
Project("{FAE04EC0-301F-11D3-BF4B-00C04F79EFBC}") = "Online2.BLL", "Online2.BLL\Online2.BLL.csproj", "{0858BB5F-9ED3-4569-A82E-BB25B05EBDB9}"
EndProject
Project("{FAE04EC0-301F-11D3-BF4B-00C04F79EFBC}") = "Online2.WebAPI", "Online2.WebAPI\Online2.WebAPI.csproj", "{F4A68A81-B06C-4557-8FCF-BBC8C38B5D1B}"
EndProject
Project("{FAE04EC0-301F-11D3-BF4B-00C04F79EFBC}") = "Online2.WebUI", "Online2.WebUI\Online2.WebUI.csproj", "{5D968084-3D92-4910-AF1E-7BDF665B6994}"
EndProject
Project("{FAE04EC0-301F-11D3-BF4B-00C04F79EFBC}") = "Online2.WinUI", "Online2.WinUI\Online2.WinUI.csproj", "{6F9ABCF6-DE29-43D0-9DF3-6596AC18268F}"
EndProject
Project("{FAE04EC0-301F-11D3-BF4B-00C04F79EFBC}") = "Online2.ViewModels", "Online2.ViewModels\Online2.ViewModels.csproj", "{0F11BAAE-6576-44B7-A7BF-E40345F8EF0C}"
EndProject
Project("{FAE04EC0-301F-11D3-BF4B-00C04F79EFBC}") = "Online2.System", "Online2.System\Online2.System.csproj", "{D831B1E4-C78B-4244-80BC-7BD09C5885A3}"
EndProject
Global
	GlobalSection(SolutionConfigurationPlatforms) = preSolution
		Debug|Any CPU = Debug|Any CPU
		Release|Any CPU = Release|Any CPU
	EndGlobalSection
	GlobalSection(ProjectConfigurationPlatforms) = postSolution
		{F9AC3218-852C-46AB-928E-480D32D51722}.Debug|Any CPU.ActiveCfg = Debug|Any CPU
		{F9AC3218-852C-46AB-928E-480D32D51722}.Debug|Any CPU.Build.0 = Debug|Any CPU
		{F9AC3218-852C-46AB-928E-480D32D51722}.Release|Any CPU.ActiveCfg = Release|Any CPU
		{F9AC3218-852C-46AB-928E-480D32D51722}.Release|Any CPU.Build.0 = Release|Any CPU
		{2E504940-4E99-4F26-A96D-3EA7AF58F7AC}.Debug|Any CPU.ActiveCfg = Debug|Any CPU
		{2E504940-4E99-4F26-A96D-3EA7AF58F7AC}.Debug|Any CPU.Build.0 = Debug|Any CPU
		{2E504940-4E99-4F26-A96D-3EA7AF58F7AC}.Release|Any CPU.ActiveCfg = Release|Any CPU
		{2E504940-4E99-4F26-A96D-3EA7AF58F7AC}.Release|Any CPU.Build.0 = Release|Any CPU
		{F7AFCD4C-AB56-4EBB-973E-78708E944785}.Debug|Any CPU.ActiveCfg = Debug|Any CPU
		{F7AFCD4C-AB56-4EBB-973E-78708E944785}.Debug|Any CPU.Build.0 = Debug|Any CPU
		{F7AFCD4C-AB56-4EBB-973E-78708E944785}.Release|Any CPU.ActiveCfg = Release|Any CPU
		{F7AFCD4C-AB56-4EBB-973E-78708E944785}.Release|Any CPU.Build.0 = Release|Any CPU
		{0858BB5F-9ED3-4569-A82E-BB25B05EBDB9}.Debug|Any CPU.ActiveCfg = Debug|Any CPU
		{0858BB5F-9ED3-4569-A82E-BB25B05EBDB9}.Debug|Any CPU.Build.0 = Debug|Any CPU
		{0858BB5F-9ED3-4569-A82E-BB25B05EBDB9}.Release|Any CPU.ActiveCfg = Release|Any CPU
		{0858BB5F-9ED3-4569-A82E-BB25B05EBDB9}.Release|Any CPU.Build.0 = Release|Any CPU
		{F4A68A81-B06C-4557-8FCF-BBC8C38B5D1B}.Debug|Any CPU.ActiveCfg = Debug|Any CPU
		{F4A68A81-B06C-4557-8FCF-BBC8C38B5D1B}.Debug|Any CPU.Build.0 = Debug|Any CPU
		{F4A68A81-B06C-4557-8FCF-BBC8C38B5D1B}.Release|Any CPU.ActiveCfg = Release|Any CPU
		{F4A68A81-B06C-4557-8FCF-BBC8C38B5D1B}.Release|Any CPU.Build.0 = Release|Any CPU
		{5D968084-3D92-4910-AF1E-7BDF665B6994}.Debug|Any CPU.ActiveCfg = Debug|Any CPU
		{5D968084-3D92-4910-AF1E-7BDF665B6994}.Debug|Any CPU.Build.0 = Debug|Any CPU
		{5D968084-3D92-4910-AF1E-7BDF665B6994}.Release|Any CPU.ActiveCfg = Release|Any CPU
		{5D968084-3D92-4910-AF1E-7BDF665B6994}.Release|Any CPU.Build.0 = Release|Any CPU
		{6F9ABCF6-DE29-43D0-9DF3-6596AC18268F}.Debug|Any CPU.ActiveCfg = Debug|Any CPU
		{6F9ABCF6-DE29-43D0-9DF3-6596AC18268F}.Debug|Any CPU.Build.0 = Debug|Any CPU
		{6F9ABCF6-DE29-43D0-9DF3-6596AC18268F}.Release|Any CPU.ActiveCfg = Release|Any CPU
		{6F9ABCF6-DE29-43D0-9DF3-6596AC18268F}.Release|Any CPU.Build.0 = Release|Any CPU
		{0F11BAAE-6576-44B7-A7BF-E40345F8EF0C}.Debug|Any CPU.ActiveCfg = Debug|Any CPU
		{0F11BAAE-6576-44B7-A7BF-E40345F8EF0C}.Debug|Any CPU.Build.0 = Debug|Any CPU
		{0F11BAAE-6576-44B7-A7BF-E40345F8EF0C}.Release|Any CPU.ActiveCfg = Release|Any CPU
		{0F11BAAE-6576-44B7-A7BF-E40345F8EF0C}.Release|Any CPU.Build.0 = Release|Any CPU
		{D831B1E4-C78B-4244-80BC-7BD09C5885A3}.Debug|Any CPU.ActiveCfg = Debug|Any CPU
		{D831B1E4-C78B-4244-80BC-7BD09C5885A3}.Debug|Any CPU.Build.0 = Debug|Any CPU
		{D831B1E4-C78B-4244-80BC-7BD09C5885A3}.Release|Any CPU.ActiveCfg = Release|Any CPU
		{D831B1E4-C78B-4244-80BC-7BD09C5885A3}.Release|Any CPU.Build.0 = Release|Any CPU
	EndGlobalSection
	GlobalSection(SolutionProperties) = preSolution
		HideSolutionNode = FALSE
	EndGlobalSection
	GlobalSection(ExtensibilityGlobals) = postSolution
		SolutionGuid = {08036FF5-EA07-4FFB-A6CC-86216C273B4F}
	EndGlobalSection
EndGlobal
